// !$*UTF8*$!
{
	archiveVersion = 1;
	classes = {
	};
	objectVersion = 46;
	objects = {

/* Begin PBXBuildFile section */
		7B0DD7321E7AE390006F05DF /* products.json in Resources */ = {isa = PBXBuildFile; fileRef = 7B0DD7311E7AE390006F05DF /* products.json */; };
		7B7418711E7A23C900CD9F02 /* PromoContentVC.swift in Sources */ = {isa = PBXBuildFile; fileRef = 7B7418701E7A23C900CD9F02 /* PromoContentVC.swift */; };
		7B7418731E7A23E900CD9F02 /* HomeVC.swift in Sources */ = {isa = PBXBuildFile; fileRef = 7B7418721E7A23E900CD9F02 /* HomeVC.swift */; };
		7BD54DA51E7A1595005466C7 /* AppDelegate.swift in Sources */ = {isa = PBXBuildFile; fileRef = 7BD54DA41E7A1595005466C7 /* AppDelegate.swift */; };
		7BD54DAA1E7A1596005466C7 /* Main.storyboard in Resources */ = {isa = PBXBuildFile; fileRef = 7BD54DA81E7A1596005466C7 /* Main.storyboard */; };
		7BD54DAC1E7A1596005466C7 /* Assets.xcassets in Resources */ = {isa = PBXBuildFile; fileRef = 7BD54DAB1E7A1596005466C7 /* Assets.xcassets */; };
		7BD54DAF1E7A1596005466C7 /* LaunchScreen.storyboard in Resources */ = {isa = PBXBuildFile; fileRef = 7BD54DAD1E7A1596005466C7 /* LaunchScreen.storyboard */; };
		7BD54DC11E7A1F13005466C7 /* piratebattle.pdf in Resources */ = {isa = PBXBuildFile; fileRef = 7BD54DBB1E7A1F13005466C7 /* piratebattle.pdf */; };
		7BD54DC31E7A1F13005466C7 /* piratemap.pdf in Resources */ = {isa = PBXBuildFile; fileRef = 7BD54DBD1E7A1F13005466C7 /* piratemap.pdf */; };
		7BD54DC41E7A1F13005466C7 /* piratesofcaribbean.pdf in Resources */ = {isa = PBXBuildFile; fileRef = 7BD54DBE1E7A1F13005466C7 /* piratesofcaribbean.pdf */; };
/* End PBXBuildFile section */

/* Begin PBXFileReference section */
		7B0DD7311E7AE390006F05DF /* products.json */ = {isa = PBXFileReference; fileEncoding = 4; lastKnownFileType = text.json; path = products.json; sourceTree = "<group>"; };
		7B7418701E7A23C900CD9F02 /* PromoContentVC.swift */ = {isa = PBXFileReference; fileEncoding = 4; lastKnownFileType = sourcecode.swift; path = PromoContentVC.swift; sourceTree = "<group>"; };
		7B7418721E7A23E900CD9F02 /* HomeVC.swift */ = {isa = PBXFileReference; fileEncoding = 4; lastKnownFileType = sourcecode.swift; path = HomeVC.swift; sourceTree = "<group>"; };
		7BD54DA11E7A1595005466C7 /* TheStore.app */ = {isa = PBXFileReference; explicitFileType = wrapper.application; includeInIndex = 0; path = TheStore.app; sourceTree = BUILT_PRODUCTS_DIR; };
		7BD54DA41E7A1595005466C7 /* AppDelegate.swift */ = {isa = PBXFileReference; lastKnownFileType = sourcecode.swift; path = AppDelegate.swift; sourceTree = "<group>"; };
		7BD54DA91E7A1596005466C7 /* Base */ = {isa = PBXFileReference; lastKnownFileType = file.storyboard; name = Base; path = Base.lproj/Main.storyboard; sourceTree = "<group>"; };
		7BD54DAB1E7A1596005466C7 /* Assets.xcassets */ = {isa = PBXFileReference; lastKnownFileType = folder.assetcatalog; path = Assets.xcassets; sourceTree = "<group>"; };
		7BD54DAE1E7A1596005466C7 /* Base */ = {isa = PBXFileReference; lastKnownFileType = file.storyboard; name = Base; path = Base.lproj/LaunchScreen.storyboard; sourceTree = "<group>"; };
		7BD54DB01E7A1596005466C7 /* Info.plist */ = {isa = PBXFileReference; lastKnownFileType = text.plist.xml; path = Info.plist; sourceTree = "<group>"; };
		7BD54DBB1E7A1F13005466C7 /* piratebattle.pdf */ = {isa = PBXFileReference; lastKnownFileType = image.pdf; path = piratebattle.pdf; sourceTree = "<group>"; };
		7BD54DBD1E7A1F13005466C7 /* piratemap.pdf */ = {isa = PBXFileReference; lastKnownFileType = image.pdf; path = piratemap.pdf; sourceTree = "<group>"; };
		7BD54DBE1E7A1F13005466C7 /* piratesofcaribbean.pdf */ = {isa = PBXFileReference; lastKnownFileType = image.pdf; path = piratesofcaribbean.pdf; sourceTree = "<group>"; };
/* End PBXFileReference section */

/* Begin PBXFrameworksBuildPhase section */
		7BD54D9E1E7A1595005466C7 /* Frameworks */ = {
			isa = PBXFrameworksBuildPhase;
			buildActionMask = 2147483647;
			files = (
			);
			runOnlyForDeploymentPostprocessing = 0;
		};
/* End PBXFrameworksBuildPhase section */

/* Begin PBXGroup section */
		7B74186F1E7A239000CD9F02 /* Model */ = {
			isa = PBXGroup;
			children = (
				7B0DD7311E7AE390006F05DF /* products.json */,
			);
			name = Model;
			sourceTree = "<group>";
		};
		7BD54D981E7A1595005466C7 = {
			isa = PBXGroup;
			children = (
				7BD54DA31E7A1595005466C7 /* TheStore */,
				7BD54DA21E7A1595005466C7 /* Products */,
			);
			sourceTree = "<group>";
		};
		7BD54DA21E7A1595005466C7 /* Products */ = {
			isa = PBXGroup;
			children = (
				7BD54DA11E7A1595005466C7 /* TheStore.app */,
			);
			name = Products;
			sourceTree = "<group>";
		};
		7BD54DA31E7A1595005466C7 /* TheStore */ = {
			isa = PBXGroup;
			children = (
				7BD54DB91E7A1EF0005466C7 /* assets */,
				7B74186F1E7A239000CD9F02 /* Model */,
				7BD54DB71E7A1E9D005466C7 /* View */,
				7BD54DB61E7A1E96005466C7 /* Controller */,
				7BD54DAB1E7A1596005466C7 /* Assets.xcassets */,
				7BD54DB01E7A1596005466C7 /* Info.plist */,
			);
			path = TheStore;
			sourceTree = "<group>";
		};
		7BD54DB61E7A1E96005466C7 /* Controller */ = {
			isa = PBXGroup;
			children = (
				7BD54DA41E7A1595005466C7 /* AppDelegate.swift */,
				7B7418701E7A23C900CD9F02 /* PromoContentVC.swift */,
				7B7418721E7A23E900CD9F02 /* HomeVC.swift */,
			);
			name = Controller;
			sourceTree = "<group>";
		};
		7BD54DB71E7A1E9D005466C7 /* View */ = {
			isa = PBXGroup;
			children = (
				7BD54DAD1E7A1596005466C7 /* LaunchScreen.storyboard */,
				7BD54DA81E7A1596005466C7 /* Main.storyboard */,
			);
			name = View;
			sourceTree = "<group>";
		};
		7BD54DB91E7A1EF0005466C7 /* assets */ = {
			isa = PBXGroup;
			children = (
				7BD54DBB1E7A1F13005466C7 /* piratebattle.pdf */,
				7BD54DBD1E7A1F13005466C7 /* piratemap.pdf */,
				7BD54DBE1E7A1F13005466C7 /* piratesofcaribbean.pdf */,
			);
			name = assets;
			sourceTree = "<group>";
		};
/* End PBXGroup section */

/* Begin PBXNativeTarget section */
		7BD54DA01E7A1595005466C7 /* TheStore */ = {
			isa = PBXNativeTarget;
			buildConfigurationList = 7BD54DB31E7A1596005466C7 /* Build configuration list for PBXNativeTarget "TheStore" */;
			buildPhases = (
				7BD54D9D1E7A1595005466C7 /* Sources */,
				7BD54D9E1E7A1595005466C7 /* Frameworks */,
				7BD54D9F1E7A1595005466C7 /* Resources */,
			);
			buildRules = (
			);
			dependencies = (
			);
			name = TheStore;
			productName = TheStore;
			productReference = 7BD54DA11E7A1595005466C7 /* TheStore.app */;
			productType = "com.apple.product-type.application";
		};
/* End PBXNativeTarget section */

/* Begin PBXProject section */
		7BD54D991E7A1595005466C7 /* Project object */ = {
			isa = PBXProject;
			attributes = {
				LastSwiftUpdateCheck = 0820;
				LastUpgradeCheck = 0820;
				ORGANIZATIONNAME = "Dan Lindsay";
				TargetAttributes = {
					7BD54DA01E7A1595005466C7 = {
						CreatedOnToolsVersion = 8.2.1;
						DevelopmentTeam = 999T2QHS45;
						ProvisioningStyle = Automatic;
					};
				};
			};
			buildConfigurationList = 7BD54D9C1E7A1595005466C7 /* Build configuration list for PBXProject "TheStore" */;
			compatibilityVersion = "Xcode 3.2";
			developmentRegion = English;
			hasScannedForEncodings = 0;
			knownRegions = (
				en,
				Base,
			);
			mainGroup = 7BD54D981E7A1595005466C7;
			productRefGroup = 7BD54DA21E7A1595005466C7 /* Products */;
			projectDirPath = "";
			projectRoot = "";
			targets = (
				7BD54DA01E7A1595005466C7 /* TheStore */,
			);
		};
/* End PBXProject section */

/* Begin PBXResourcesBuildPhase section */
		7BD54D9F1E7A1595005466C7 /* Resources */ = {
			isa = PBXResourcesBuildPhase;
			buildActionMask = 2147483647;
			files = (
				7BD54DAF1E7A1596005466C7 /* LaunchScreen.storyboard in Resources */,
				7BD54DC41E7A1F13005466C7 /* piratesofcaribbean.pdf in Resources */,
				7B0DD7321E7AE390006F05DF /* products.json in Resources */,
				7BD54DAC1E7A1596005466C7 /* Assets.xcassets in Resources */,
				7BD54DC11E7A1F13005466C7 /* piratebattle.pdf in Resources */,
				7BD54DAA1E7A1596005466C7 /* Main.storyboard in Resources */,
				7BD54DC31E7A1F13005466C7 /* piratemap.pdf in Resources */,
			);
			runOnlyForDeploymentPostprocessing = 0;
		};
/* End PBXResourcesBuildPhase section */

/* Begin PBXSourcesBuildPhase section */
		7BD54D9D1E7A1595005466C7 /* Sources */ = {
			isa = PBXSourcesBuildPhase;
			buildActionMask = 2147483647;
			files = (
				7B7418711E7A23C900CD9F02 /* PromoContentVC.swift in Sources */,
				7B7418731E7A23E900CD9F02 /* HomeVC.swift in Sources */,
				7BD54DA51E7A1595005466C7 /* AppDelegate.swift in Sources */,
			);
			runOnlyForDeploymentPostprocessing = 0;
		};
/* End PBXSourcesBuildPhase section */

/* Begin PBXVariantGroup section */
		7BD54DA81E7A1596005466C7 /* Main.storyboard */ = {
			isa = PBXVariantGroup;
			children = (
				7BD54DA91E7A1596005466C7 /* Base */,
			);
			name = Main.storyboard;
			sourceTree = "<group>";
		};
		7BD54DAD1E7A1596005466C7 /* LaunchScreen.storyboard */ = {
			isa = PBXVariantGroup;
			children = (
				7BD54DAE1E7A1596005466C7 /* Base */,
			);
			name = LaunchScreen.storyboard;
			sourceTree = "<group>";
		};
/* End PBXVariantGroup section */

/* Begin XCBuildConfiguration section */
		7BD54DB11E7A1596005466C7 /* Debug */ = {
			isa = XCBuildConfiguration;
			buildSettings = {
				ALWAYS_SEARCH_USER_PATHS = NO;
				CLANG_ANALYZER_NONNULL = YES;
				CLANG_CXX_LANGUAGE_STANDARD = "gnu++0x";
				CLANG_CXX_LIBRARY = "libc++";
				CLANG_ENABLE_MODULES = YES;
				CLANG_ENABLE_OBJC_ARC = YES;
				CLANG_WARN_BOOL_CONVERSION = YES;
				CLANG_WARN_CONSTANT_CONVERSION = YES;
				CLANG_WARN_DIRECT_OBJC_ISA_USAGE = YES_ERROR;
				CLANG_WARN_DOCUMENTATION_COMMENTS = YES;
				CLANG_WARN_EMPTY_BODY = YES;
				CLANG_WARN_ENUM_CONVERSION = YES;
				CLANG_WARN_INFINITE_RECURSION = YES;
				CLANG_WARN_INT_CONVERSION = YES;
				CLANG_WARN_OBJC_ROOT_CLASS = YES_ERROR;
				CLANG_WARN_SUSPICIOUS_MOVE = YES;
				CLANG_WARN_UNREACHABLE_CODE = YES;
				CLANG_WARN__DUPLICATE_METHOD_MATCH = YES;
				"CODE_SIGN_IDENTITY[sdk=iphoneos*]" = "iPhone Developer";
				COPY_PHASE_STRIP = NO;
				DEBUG_INFORMATION_FORMAT = dwarf;
				ENABLE_STRICT_OBJC_MSGSEND = YES;
				ENABLE_TESTABILITY = YES;
				GCC_C_LANGUAGE_STANDARD = gnu99;
				GCC_DYNAMIC_NO_PIC = NO;
				GCC_NO_COMMON_BLOCKS = YES;
				GCC_OPTIMIZATION_LEVEL = 0;
				GCC_PREPROCESSOR_DEFINITIONS = (
					"DEBUG=1",
					"$(inherited)",
				);
				GCC_WARN_64_TO_32_BIT_CONVERSION = YES;
				GCC_WARN_ABOUT_RETURN_TYPE = YES_ERROR;
				GCC_WARN_UNDECLARED_SELECTOR = YES;
				GCC_WARN_UNINITIALIZED_AUTOS = YES_AGGRESSIVE;
				GCC_WARN_UNUSED_FUNCTION = YES;
				GCC_WARN_UNUSED_VARIABLE = YES;
				IPHONEOS_DEPLOYMENT_TARGET = 10.2;
				MTL_ENABLE_DEBUG_INFO = YES;
				ONLY_ACTIVE_ARCH = YES;
				SDKROOT = iphoneos;
				SWIFT_ACTIVE_COMPILATION_CONDITIONS = DEBUG;
				SWIFT_OPTIMIZATION_LEVEL = "-Onone";
				TARGETED_DEVICE_FAMILY = 2;
			};
			name = Debug;
		};
		7BD54DB21E7A1596005466C7 /* Release */ = {
			isa = XCBuildConfiguration;
			buildSettings = {
				ALWAYS_SEARCH_USER_PATHS = NO;
				CLANG_ANALYZER_NONNULL = YES;
				CLANG_CXX_LANGUAGE_STANDARD = "gnu++0x";
				CLANG_CXX_LIBRARY = "libc++";
				CLANG_ENABLE_MODULES = YES;
				CLANG_ENABLE_OBJC_ARC = YES;
				CLANG_WARN_BOOL_CONVERSION = YES;
				CLANG_WARN_CONSTANT_CONVERSION = YES;
				CLANG_WARN_DIRECT_OBJC_ISA_USAGE = YES_ERROR;
				CLANG_WARN_DOCUMENTATION_COMMENTS = YES;
				CLANG_WARN_EMPTY_BODY = YES;
				CLANG_WARN_ENUM_CONVERSION = YES;
				CLANG_WARN_INFINITE_RECURSION = YES;
				CLANG_WARN_INT_CONVERSION = YES;
				CLANG_WARN_OBJC_ROOT_CLASS = YES_ERROR;
				CLANG_WARN_SUSPICIOUS_MOVE = YES;
				CLANG_WARN_UNREACHABLE_CODE = YES;
				CLANG_WARN__DUPLICATE_METHOD_MATCH = YES;
				"CODE_SIGN_IDENTITY[sdk=iphoneos*]" = "iPhone Developer";
				COPY_PHASE_STRIP = NO;
				DEBUG_INFORMATION_FORMAT = "dwarf-with-dsym";
				ENABLE_NS_ASSERTIONS = NO;
				ENABLE_STRICT_OBJC_MSGSEND = YES;
				GCC_C_LANGUAGE_STANDARD = gnu99;
				GCC_NO_COMMON_BLOCKS = YES;
				GCC_WARN_64_TO_32_BIT_CONVERSION = YES;
				GCC_WARN_ABOUT_RETURN_TYPE = YES_ERROR;
				GCC_WARN_UNDECLARED_SELECTOR = YES;
				GCC_WARN_UNINITIALIZED_AUTOS = YES_AGGRESSIVE;
				GCC_WARN_UNUSED_FUNCTION = YES;
				GCC_WARN_UNUSED_VARIABLE = YES;
				IPHONEOS_DEPLOYMENT_TARGET = 10.2;
				MTL_ENABLE_DEBUG_INFO = NO;
				SDKROOT = iphoneos;
				SWIFT_OPTIMIZATION_LEVEL = "-Owholemodule";
				TARGETED_DEVICE_FAMILY = 2;
				VALIDATE_PRODUCT = YES;
			};
			name = Release;
		};
		7BD54DB41E7A1596005466C7 /* Debug */ = {
			isa = XCBuildConfiguration;
			buildSettings = {
				ASSETCATALOG_COMPILER_APPICON_NAME = AppIcon;
				DEVELOPMENT_TEAM = 999T2QHS45;
				INFOPLIST_FILE = TheStore/Info.plist;
				LD_RUNPATH_SEARCH_PATHS = "$(inherited) @executable_path/Frameworks";
				PRODUCT_BUNDLE_IDENTIFIER = com.omnificCondition.TheStore;
				PRODUCT_NAME = "$(TARGET_NAME)";
				SWIFT_VERSION = 3.0;
			};
			name = Debug;
		};
		7BD54DB51E7A1596005466C7 /* Release */ = {
			isa = XCBuildConfiguration;
			buildSettings = {
				ASSETCATALOG_COMPILER_APPICON_NAME = AppIcon;
				DEVELOPMENT_TEAM = 999T2QHS45;
				INFOPLIST_FILE = TheStore/Info.plist;
				LD_RUNPATH_SEARCH_PATHS = "$(inherited) @executable_path/Frameworks";
				PRODUCT_BUNDLE_IDENTIFIER = com.omnificCondition.TheStore;
				PRODUCT_NAME = "$(TARGET_NAME)";
				SWIFT_VERSION = 3.0;
			};
			name = Release;
		};
/* End XCBuildConfiguration section */

/* Begin XCConfigurationList section */
		7BD54D9C1E7A1595005466C7 /* Build configuration list for PBXProject "TheStore" */ = {
			isa = XCConfigurationList;
			buildConfigurations = (
				7BD54DB11E7A1596005466C7 /* Debug */,
				7BD54DB21E7A1596005466C7 /* Release */,
			);
			defaultConfigurationIsVisible = 0;
			defaultConfigurationName = Release;
		};
		7BD54DB31E7A1596005466C7 /* Build configuration list for PBXNativeTarget "TheStore" */ = {
			isa = XCConfigurationList;
			buildConfigurations = (
				7BD54DB41E7A1596005466C7 /* Debug */,
				7BD54DB51E7A1596005466C7 /* Release */,
			);
			defaultConfigurationIsVisible = 0;
			defaultConfigurationName = Release;
		};
/* End XCConfigurationList section */
	};
	rootObject = 7BD54D991E7A1595005466C7 /* Project object */;
}
