// !$*UTF8*$!
{
	archiveVersion = 1;
	classes = {
	};
	objectVersion = 46;
	objects = {

/* Begin PBXBuildFile section */
		7B0DD7321E7AE390006F05DF /* products.json in Resources */ = {isa = PBXBuildFile; fileRef = 7B0DD7311E7AE390006F05DF /* products.json */; };
		7B0DD7341E7AE48F006F05DF /* CoreDataStack.swift in Sources */ = {isa = PBXBuildFile; fileRef = 7B0DD7331E7AE48F006F05DF /* CoreDataStack.swift */; };
		7B0DD7371E7AEA0E006F05DF /* PirateBay.xcdatamodeld in Sources */ = {isa = PBXBuildFile; fileRef = 7B0DD7351E7AEA0E006F05DF /* PirateBay.xcdatamodeld */; };
		7B1BE93C1E7C3C35009FD97A /* ProductService.swift in Sources */ = {isa = PBXBuildFile; fileRef = 7B1BE93B1E7C3C35009FD97A /* ProductService.swift */; };
		7B1BE93F1E7C3F62009FD97A /* ProductCollectionViewCell.swift in Sources */ = {isa = PBXBuildFile; fileRef = 7B1BE93E1E7C3F62009FD97A /* ProductCollectionViewCell.swift */; };
		7B3AA8C61E817D5400A214CD /* PaymentVC.swift in Sources */ = {isa = PBXBuildFile; fileRef = 7B3AA8C51E817D5400A214CD /* PaymentVC.swift */; };
		7B42DCFD1E804DAE00DF979D /* CustomerService.swift in Sources */ = {isa = PBXBuildFile; fileRef = 7B42DCFC1E804DAE00DF979D /* CustomerService.swift */; };
		7B42DD001E8051FA00DF979D /* AddressVC.swift in Sources */ = {isa = PBXBuildFile; fileRef = 7B42DCFF1E8051FA00DF979D /* AddressVC.swift */; };
		7B447D4F1E7C51B400FE58FF /* UIColor.Extension.swift in Sources */ = {isa = PBXBuildFile; fileRef = 7B447D4E1E7C51B400FE58FF /* UIColor.Extension.swift */; };
		7B447D511E7C56FA00FE58FF /* UserRating.swift in Sources */ = {isa = PBXBuildFile; fileRef = 7B447D501E7C56FA00FE58FF /* UserRating.swift */; };
		7B4571A81E831D0D0011E1F7 /* OrderConfirmationVC.swift in Sources */ = {isa = PBXBuildFile; fileRef = 7B4571A71E831D0D0011E1F7 /* OrderConfirmationVC.swift */; };
		7B4AC4651E81D48E0007FDBB /* PopoverTableVC.swift in Sources */ = {isa = PBXBuildFile; fileRef = 7B4AC4641E81D48E0007FDBB /* PopoverTableVC.swift */; };
		7B4B46CF1E81C61E00216321 /* NewCardTableViewCell.swift in Sources */ = {isa = PBXBuildFile; fileRef = 7B4B46CE1E81C61E00216321 /* NewCardTableViewCell.swift */; };
		7B54AC4D1E8045EE0024245B /* LoginVC.swift in Sources */ = {isa = PBXBuildFile; fileRef = 7B54AC4C1E8045EE0024245B /* LoginVC.swift */; };
		7B5662941E7F3779002C822F /* CartTableVC.swift in Sources */ = {isa = PBXBuildFile; fileRef = 7B5662931E7F3779002C822F /* CartTableVC.swift */; };
		7B5662981E7F3B6B002C822F /* ItemInCartCell.swift in Sources */ = {isa = PBXBuildFile; fileRef = 7B5662961E7F3B6B002C822F /* ItemInCartCell.swift */; };
		7B5662991E7F3B6B002C822F /* ItemInCartCell.xib in Resources */ = {isa = PBXBuildFile; fileRef = 7B5662971E7F3B6B002C822F /* ItemInCartCell.xib */; };
		7B70CC481E81C0B1006664C0 /* ExistingTableViewCell.swift in Sources */ = {isa = PBXBuildFile; fileRef = 7B70CC471E81C0B1006664C0 /* ExistingTableViewCell.swift */; };
		7B71975A1E7DBD8700493D45 /* ShoppingCart.swift in Sources */ = {isa = PBXBuildFile; fileRef = 7B7197591E7DBD8700493D45 /* ShoppingCart.swift */; };
		7B7418711E7A23C900CD9F02 /* PromoContentVC.swift in Sources */ = {isa = PBXBuildFile; fileRef = 7B7418701E7A23C900CD9F02 /* PromoContentVC.swift */; };
		7B7418731E7A23E900CD9F02 /* HomeVC.swift in Sources */ = {isa = PBXBuildFile; fileRef = 7B7418721E7A23E900CD9F02 /* HomeVC.swift */; };
		7B8C7E211E7CB1D3000B0C7F /* UIImage+Extension.swift in Sources */ = {isa = PBXBuildFile; fileRef = 7B8C7E201E7CB1D3000B0C7F /* UIImage+Extension.swift */; };
		7B8DF6FE1E82E0EF008B37B5 /* ReviewOrderTableVC.swift in Sources */ = {isa = PBXBuildFile; fileRef = 7B8DF6FD1E82E0EF008B37B5 /* ReviewOrderTableVC.swift */; };
		7BA8AD941E82E79200592030 /* PaymentTableViewCell.swift in Sources */ = {isa = PBXBuildFile; fileRef = 7BA8AD931E82E79200592030 /* PaymentTableViewCell.swift */; };
		7BA8AD961E82E79F00592030 /* ShippingTableViewCell.swift in Sources */ = {isa = PBXBuildFile; fileRef = 7BA8AD951E82E79F00592030 /* ShippingTableViewCell.swift */; };
		7BAC2BC11E7C48F50012C63D /* ProductsTableVC.swift in Sources */ = {isa = PBXBuildFile; fileRef = 7BAC2BC01E7C48F50012C63D /* ProductsTableVC.swift */; };
		7BAC2BC31E7C49200012C63D /* ProductsTableViewCell.swift in Sources */ = {isa = PBXBuildFile; fileRef = 7BAC2BC21E7C49200012C63D /* ProductsTableViewCell.swift */; };
		7BAC2BC61E7C4B810012C63D /* Double+Extension.swift in Sources */ = {isa = PBXBuildFile; fileRef = 7BAC2BC51E7C4B810012C63D /* Double+Extension.swift */; };
		7BB87BAC1E80756200D83C69 /* NewCustomerVC.swift in Sources */ = {isa = PBXBuildFile; fileRef = 7BB87BAB1E80756200D83C69 /* NewCustomerVC.swift */; };
		7BBA7B5E1E7AFEFB00DA23F7 /* captainjake1.jpg in Resources */ = {isa = PBXBuildFile; fileRef = 7BBA7B221E7AFEFB00DA23F7 /* captainjake1.jpg */; };
		7BBA7B5F1E7AFEFB00DA23F7 /* piratechest1.jpg in Resources */ = {isa = PBXBuildFile; fileRef = 7BBA7B241E7AFEFB00DA23F7 /* piratechest1.jpg */; };
		7BBA7B601E7AFEFB00DA23F7 /* piratescurse1.jpg in Resources */ = {isa = PBXBuildFile; fileRef = 7BBA7B261E7AFEFB00DA23F7 /* piratescurse1.jpg */; };
		7BBA7B611E7AFEFB00DA23F7 /* piratefairy1.jpg in Resources */ = {isa = PBXBuildFile; fileRef = 7BBA7B281E7AFEFB00DA23F7 /* piratefairy1.jpg */; };
		7BBA7B621E7AFEFB00DA23F7 /* piratefairy2.jpg in Resources */ = {isa = PBXBuildFile; fileRef = 7BBA7B291E7AFEFB00DA23F7 /* piratefairy2.jpg */; };
		7BBA7B631E7AFEFB00DA23F7 /* pirates1.jpg in Resources */ = {isa = PBXBuildFile; fileRef = 7BBA7B2B1E7AFEFB00DA23F7 /* pirates1.jpg */; };
		7BBA7B641E7AFEFB00DA23F7 /* pirates2.jpg in Resources */ = {isa = PBXBuildFile; fileRef = 7BBA7B2C1E7AFEFB00DA23F7 /* pirates2.jpg */; };
		7BBA7B651E7AFEFB00DA23F7 /* pirates3.jpg in Resources */ = {isa = PBXBuildFile; fileRef = 7BBA7B2D1E7AFEFB00DA23F7 /* pirates3.jpg */; };
		7BBA7B661E7AFEFB00DA23F7 /* pirates4.jpg in Resources */ = {isa = PBXBuildFile; fileRef = 7BBA7B2E1E7AFEFB00DA23F7 /* pirates4.jpg */; };
		7BBA7B671E7AFEFB00DA23F7 /* pirates5.jpg in Resources */ = {isa = PBXBuildFile; fileRef = 7BBA7B2F1E7AFEFB00DA23F7 /* pirates5.jpg */; };
		7BBA7B681E7AFEFB00DA23F7 /* pirates6.jpg in Resources */ = {isa = PBXBuildFile; fileRef = 7BBA7B301E7AFEFB00DA23F7 /* pirates6.jpg */; };
		7BBA7B691E7AFEFB00DA23F7 /* piratesilicon1.jpg in Resources */ = {isa = PBXBuildFile; fileRef = 7BBA7B321E7AFEFB00DA23F7 /* piratesilicon1.jpg */; };
		7BBA7B6A1E7AFEFB00DA23F7 /* piratetides1.jpg in Resources */ = {isa = PBXBuildFile; fileRef = 7BBA7B341E7AFEFB00DA23F7 /* piratetides1.jpg */; };
		7BBA7B6B1E7AFEFB00DA23F7 /* piratetides2.jpg in Resources */ = {isa = PBXBuildFile; fileRef = 7BBA7B351E7AFEFB00DA23F7 /* piratetides2.jpg */; };
		7BBA7B6C1E7AFEFB00DA23F7 /* piratetides3.jpg in Resources */ = {isa = PBXBuildFile; fileRef = 7BBA7B361E7AFEFB00DA23F7 /* piratetides3.jpg */; };
		7BBA7B6D1E7AFEFB00DA23F7 /* piratetides4.jpg in Resources */ = {isa = PBXBuildFile; fileRef = 7BBA7B371E7AFEFB00DA23F7 /* piratetides4.jpg */; };
		7BBA7B6E1E7AFEFB00DA23F7 /* piratetides5.jpg in Resources */ = {isa = PBXBuildFile; fileRef = 7BBA7B381E7AFEFB00DA23F7 /* piratetides5.jpg */; };
		7BBA7B6F1E7AFEFB00DA23F7 /* piratetides6.jpg in Resources */ = {isa = PBXBuildFile; fileRef = 7BBA7B391E7AFEFB00DA23F7 /* piratetides6.jpg */; };
		7BBA7B701E7AFEFB00DA23F7 /* scooby1.jpg in Resources */ = {isa = PBXBuildFile; fileRef = 7BBA7B3B1E7AFEFB00DA23F7 /* scooby1.jpg */; };
		7BBA7B711E7AFEFB00DA23F7 /* buccaneerboat1.jpg in Resources */ = {isa = PBXBuildFile; fileRef = 7BBA7B3E1E7AFEFB00DA23F7 /* buccaneerboat1.jpg */; };
		7BBA7B721E7AFEFB00DA23F7 /* buccaneerboat2.jpg in Resources */ = {isa = PBXBuildFile; fileRef = 7BBA7B3F1E7AFEFB00DA23F7 /* buccaneerboat2.jpg */; };
		7BBA7B731E7AFEFB00DA23F7 /* buccaneerboat3.jpg in Resources */ = {isa = PBXBuildFile; fileRef = 7BBA7B401E7AFEFB00DA23F7 /* buccaneerboat3.jpg */; };
		7BBA7B741E7AFEFB00DA23F7 /* buccaneerboat4.jpg in Resources */ = {isa = PBXBuildFile; fileRef = 7BBA7B411E7AFEFB00DA23F7 /* buccaneerboat4.jpg */; };
		7BBA7B751E7AFEFB00DA23F7 /* deluxeship1.jpg in Resources */ = {isa = PBXBuildFile; fileRef = 7BBA7B431E7AFEFB00DA23F7 /* deluxeship1.jpg */; };
		7BBA7B761E7AFEFB00DA23F7 /* jakeneverland1.jpg in Resources */ = {isa = PBXBuildFile; fileRef = 7BBA7B451E7AFEFB00DA23F7 /* jakeneverland1.jpg */; };
		7BBA7B771E7AFEFB00DA23F7 /* jakeneverland2.jpg in Resources */ = {isa = PBXBuildFile; fileRef = 7BBA7B461E7AFEFB00DA23F7 /* jakeneverland2.jpg */; };
		7BBA7B781E7AFEFB00DA23F7 /* jakeneverland3.jpg in Resources */ = {isa = PBXBuildFile; fileRef = 7BBA7B471E7AFEFB00DA23F7 /* jakeneverland3.jpg */; };
		7BBA7B791E7AFEFB00DA23F7 /* jakeneverland4.jpg in Resources */ = {isa = PBXBuildFile; fileRef = 7BBA7B481E7AFEFB00DA23F7 /* jakeneverland4.jpg */; };
		7BBA7B7A1E7AFEFB00DA23F7 /* jakeneverland5.jpg in Resources */ = {isa = PBXBuildFile; fileRef = 7BBA7B491E7AFEFB00DA23F7 /* jakeneverland5.jpg */; };
		7BBA7B7B1E7AFEFB00DA23F7 /* littletikes1.jpg in Resources */ = {isa = PBXBuildFile; fileRef = 7BBA7B4B1E7AFEFB00DA23F7 /* littletikes1.jpg */; };
		7BBA7B7C1E7AFEFB00DA23F7 /* littletikes2.jpg in Resources */ = {isa = PBXBuildFile; fileRef = 7BBA7B4C1E7AFEFB00DA23F7 /* littletikes2.jpg */; };
		7BBA7B7D1E7AFEFB00DA23F7 /* littletikes3.jpg in Resources */ = {isa = PBXBuildFile; fileRef = 7BBA7B4D1E7AFEFB00DA23F7 /* littletikes3.jpg */; };
		7BBA7B7E1E7AFEFB00DA23F7 /* littletikes4.jpg in Resources */ = {isa = PBXBuildFile; fileRef = 7BBA7B4E1E7AFEFB00DA23F7 /* littletikes4.jpg */; };
		7BBA7B7F1E7AFEFB00DA23F7 /* littletikes5.jpg in Resources */ = {isa = PBXBuildFile; fileRef = 7BBA7B4F1E7AFEFB00DA23F7 /* littletikes5.jpg */; };
		7BBA7B801E7AFEFB00DA23F7 /* popupPirate1.jpg in Resources */ = {isa = PBXBuildFile; fileRef = 7BBA7B511E7AFEFB00DA23F7 /* popupPirate1.jpg */; };
		7BBA7B811E7AFEFB00DA23F7 /* popupPirate2.jpg in Resources */ = {isa = PBXBuildFile; fileRef = 7BBA7B521E7AFEFB00DA23F7 /* popupPirate2.jpg */; };
		7BBA7B821E7AFEFB00DA23F7 /* popupPirate3.jpg in Resources */ = {isa = PBXBuildFile; fileRef = 7BBA7B531E7AFEFB00DA23F7 /* popupPirate3.jpg */; };
		7BBA7B831E7AFEFB00DA23F7 /* popupPirate4.jpg in Resources */ = {isa = PBXBuildFile; fileRef = 7BBA7B541E7AFEFB00DA23F7 /* popupPirate4.jpg */; };
		7BBA7B841E7AFEFB00DA23F7 /* popupPirate5.jpg in Resources */ = {isa = PBXBuildFile; fileRef = 7BBA7B551E7AFEFB00DA23F7 /* popupPirate5.jpg */; };
		7BBA7B851E7AFEFB00DA23F7 /* popupPirate6.jpg in Resources */ = {isa = PBXBuildFile; fileRef = 7BBA7B561E7AFEFB00DA23F7 /* popupPirate6.jpg */; };
		7BBA7B861E7AFEFB00DA23F7 /* sharkbiteship1.jpg in Resources */ = {isa = PBXBuildFile; fileRef = 7BBA7B581E7AFEFB00DA23F7 /* sharkbiteship1.jpg */; };
		7BBA7B871E7AFEFB00DA23F7 /* sharkbiteship2.jpg in Resources */ = {isa = PBXBuildFile; fileRef = 7BBA7B591E7AFEFB00DA23F7 /* sharkbiteship2.jpg */; };
		7BBA7B881E7AFEFB00DA23F7 /* sharkbiteship3.jpg in Resources */ = {isa = PBXBuildFile; fileRef = 7BBA7B5A1E7AFEFB00DA23F7 /* sharkbiteship3.jpg */; };
		7BBA7B891E7AFEFB00DA23F7 /* sharkbiteship4.jpg in Resources */ = {isa = PBXBuildFile; fileRef = 7BBA7B5B1E7AFEFB00DA23F7 /* sharkbiteship4.jpg */; };
		7BBA7B8A1E7AFEFB00DA23F7 /* sharkbiteship5.jpg in Resources */ = {isa = PBXBuildFile; fileRef = 7BBA7B5C1E7AFEFB00DA23F7 /* sharkbiteship5.jpg */; };
		7BBA7B8B1E7AFEFB00DA23F7 /* toydrive.png in Resources */ = {isa = PBXBuildFile; fileRef = 7BBA7B5D1E7AFEFB00DA23F7 /* toydrive.png */; };
		7BBA7B8E1E7AFF3000DA23F7 /* Utility.swift in Sources */ = {isa = PBXBuildFile; fileRef = 7BBA7B8D1E7AFF3000DA23F7 /* Utility.swift */; };
		7BBA7B911E7AFFD700DA23F7 /* String+Extension.swift in Sources */ = {isa = PBXBuildFile; fileRef = 7BBA7B901E7AFFD700DA23F7 /* String+Extension.swift */; };
		7BD0288A1E7D8D4B007D29FA /* ProductInfoTableViewCell.swift in Sources */ = {isa = PBXBuildFile; fileRef = 7BD028891E7D8D4B007D29FA /* ProductInfoTableViewCell.swift */; };
		7BD0288C1E7D9BE9007D29FA /* QuantityTableVC.swift in Sources */ = {isa = PBXBuildFile; fileRef = 7BD0288B1E7D9BE9007D29FA /* QuantityTableVC.swift */; };
		7BD54DA51E7A1595005466C7 /* AppDelegate.swift in Sources */ = {isa = PBXBuildFile; fileRef = 7BD54DA41E7A1595005466C7 /* AppDelegate.swift */; };
		7BD54DAA1E7A1596005466C7 /* Main.storyboard in Resources */ = {isa = PBXBuildFile; fileRef = 7BD54DA81E7A1596005466C7 /* Main.storyboard */; };
		7BD54DAC1E7A1596005466C7 /* Assets.xcassets in Resources */ = {isa = PBXBuildFile; fileRef = 7BD54DAB1E7A1596005466C7 /* Assets.xcassets */; };
		7BD54DAF1E7A1596005466C7 /* LaunchScreen.storyboard in Resources */ = {isa = PBXBuildFile; fileRef = 7BD54DAD1E7A1596005466C7 /* LaunchScreen.storyboard */; };
		7BD54DC11E7A1F13005466C7 /* piratebattle.pdf in Resources */ = {isa = PBXBuildFile; fileRef = 7BD54DBB1E7A1F13005466C7 /* piratebattle.pdf */; };
		7BD54DC31E7A1F13005466C7 /* piratemap.pdf in Resources */ = {isa = PBXBuildFile; fileRef = 7BD54DBD1E7A1F13005466C7 /* piratemap.pdf */; };
		7BD54DC41E7A1F13005466C7 /* piratesofcaribbean.pdf in Resources */ = {isa = PBXBuildFile; fileRef = 7BD54DBE1E7A1F13005466C7 /* piratesofcaribbean.pdf */; };
		7BFBC6FA1E7C722A00EE78EC /* MyButton.swift in Sources */ = {isa = PBXBuildFile; fileRef = 7BFBC6F91E7C722A00EE78EC /* MyButton.swift */; };
		7BFBC6FC1E7C768A00EE78EC /* ProductDetailVC.swift in Sources */ = {isa = PBXBuildFile; fileRef = 7BFBC6FB1E7C768A00EE78EC /* ProductDetailVC.swift */; };
		7BFBC6FE1E7C76AD00EE78EC /* DetailSummaryView.swift in Sources */ = {isa = PBXBuildFile; fileRef = 7BFBC6FD1E7C76AD00EE78EC /* DetailSummaryView.swift */; };
/* End PBXBuildFile section */

/* Begin PBXFileReference section */
		7B0DD7311E7AE390006F05DF /* products.json */ = {isa = PBXFileReference; fileEncoding = 4; lastKnownFileType = text.json; path = products.json; sourceTree = "<group>"; };
		7B0DD7331E7AE48F006F05DF /* CoreDataStack.swift */ = {isa = PBXFileReference; fileEncoding = 4; lastKnownFileType = sourcecode.swift; path = CoreDataStack.swift; sourceTree = "<group>"; };
		7B0DD7361E7AEA0E006F05DF /* PirateBay.xcdatamodel */ = {isa = PBXFileReference; lastKnownFileType = wrapper.xcdatamodel; path = PirateBay.xcdatamodel; sourceTree = "<group>"; };
		7B1BE93B1E7C3C35009FD97A /* ProductService.swift */ = {isa = PBXFileReference; fileEncoding = 4; lastKnownFileType = sourcecode.swift; path = ProductService.swift; sourceTree = "<group>"; };
		7B1BE93E1E7C3F62009FD97A /* ProductCollectionViewCell.swift */ = {isa = PBXFileReference; fileEncoding = 4; lastKnownFileType = sourcecode.swift; path = ProductCollectionViewCell.swift; sourceTree = "<group>"; };
		7B3AA8C51E817D5400A214CD /* PaymentVC.swift */ = {isa = PBXFileReference; fileEncoding = 4; lastKnownFileType = sourcecode.swift; path = PaymentVC.swift; sourceTree = "<group>"; };
		7B42DCFC1E804DAE00DF979D /* CustomerService.swift */ = {isa = PBXFileReference; fileEncoding = 4; lastKnownFileType = sourcecode.swift; path = CustomerService.swift; sourceTree = "<group>"; };
		7B42DCFF1E8051FA00DF979D /* AddressVC.swift */ = {isa = PBXFileReference; fileEncoding = 4; lastKnownFileType = sourcecode.swift; path = AddressVC.swift; sourceTree = "<group>"; };
		7B447D4E1E7C51B400FE58FF /* UIColor.Extension.swift */ = {isa = PBXFileReference; fileEncoding = 4; lastKnownFileType = sourcecode.swift; path = UIColor.Extension.swift; sourceTree = "<group>"; };
		7B447D501E7C56FA00FE58FF /* UserRating.swift */ = {isa = PBXFileReference; fileEncoding = 4; lastKnownFileType = sourcecode.swift; path = UserRating.swift; sourceTree = "<group>"; };
		7B4571A71E831D0D0011E1F7 /* OrderConfirmationVC.swift */ = {isa = PBXFileReference; fileEncoding = 4; lastKnownFileType = sourcecode.swift; path = OrderConfirmationVC.swift; sourceTree = "<group>"; };
		7B4AC4641E81D48E0007FDBB /* PopoverTableVC.swift */ = {isa = PBXFileReference; fileEncoding = 4; lastKnownFileType = sourcecode.swift; path = PopoverTableVC.swift; sourceTree = "<group>"; };
		7B4B46CE1E81C61E00216321 /* NewCardTableViewCell.swift */ = {isa = PBXFileReference; fileEncoding = 4; lastKnownFileType = sourcecode.swift; path = NewCardTableViewCell.swift; sourceTree = "<group>"; };
		7B54AC4C1E8045EE0024245B /* LoginVC.swift */ = {isa = PBXFileReference; fileEncoding = 4; lastKnownFileType = sourcecode.swift; path = LoginVC.swift; sourceTree = "<group>"; };
		7B5662931E7F3779002C822F /* CartTableVC.swift */ = {isa = PBXFileReference; fileEncoding = 4; lastKnownFileType = sourcecode.swift; path = CartTableVC.swift; sourceTree = "<group>"; };
		7B5662961E7F3B6B002C822F /* ItemInCartCell.swift */ = {isa = PBXFileReference; fileEncoding = 4; lastKnownFileType = sourcecode.swift; path = ItemInCartCell.swift; sourceTree = "<group>"; };
		7B5662971E7F3B6B002C822F /* ItemInCartCell.xib */ = {isa = PBXFileReference; fileEncoding = 4; lastKnownFileType = file.xib; path = ItemInCartCell.xib; sourceTree = "<group>"; };
		7B70CC471E81C0B1006664C0 /* ExistingTableViewCell.swift */ = {isa = PBXFileReference; fileEncoding = 4; lastKnownFileType = sourcecode.swift; path = ExistingTableViewCell.swift; sourceTree = "<group>"; };
		7B7197591E7DBD8700493D45 /* ShoppingCart.swift */ = {isa = PBXFileReference; fileEncoding = 4; lastKnownFileType = sourcecode.swift; path = ShoppingCart.swift; sourceTree = "<group>"; };
		7B7418701E7A23C900CD9F02 /* PromoContentVC.swift */ = {isa = PBXFileReference; fileEncoding = 4; lastKnownFileType = sourcecode.swift; path = PromoContentVC.swift; sourceTree = "<group>"; };
		7B7418721E7A23E900CD9F02 /* HomeVC.swift */ = {isa = PBXFileReference; fileEncoding = 4; lastKnownFileType = sourcecode.swift; path = HomeVC.swift; sourceTree = "<group>"; };
		7B8C7E201E7CB1D3000B0C7F /* UIImage+Extension.swift */ = {isa = PBXFileReference; fileEncoding = 4; lastKnownFileType = sourcecode.swift; path = "UIImage+Extension.swift"; sourceTree = "<group>"; };
		7B8DF6FD1E82E0EF008B37B5 /* ReviewOrderTableVC.swift */ = {isa = PBXFileReference; fileEncoding = 4; lastKnownFileType = sourcecode.swift; path = ReviewOrderTableVC.swift; sourceTree = "<group>"; };
		7BA8AD931E82E79200592030 /* PaymentTableViewCell.swift */ = {isa = PBXFileReference; fileEncoding = 4; lastKnownFileType = sourcecode.swift; path = PaymentTableViewCell.swift; sourceTree = "<group>"; };
		7BA8AD951E82E79F00592030 /* ShippingTableViewCell.swift */ = {isa = PBXFileReference; fileEncoding = 4; lastKnownFileType = sourcecode.swift; path = ShippingTableViewCell.swift; sourceTree = "<group>"; };
		7BAC2BC01E7C48F50012C63D /* ProductsTableVC.swift */ = {isa = PBXFileReference; fileEncoding = 4; lastKnownFileType = sourcecode.swift; path = ProductsTableVC.swift; sourceTree = "<group>"; };
		7BAC2BC21E7C49200012C63D /* ProductsTableViewCell.swift */ = {isa = PBXFileReference; fileEncoding = 4; lastKnownFileType = sourcecode.swift; path = ProductsTableViewCell.swift; sourceTree = "<group>"; };
		7BAC2BC51E7C4B810012C63D /* Double+Extension.swift */ = {isa = PBXFileReference; fileEncoding = 4; lastKnownFileType = sourcecode.swift; path = "Double+Extension.swift"; sourceTree = "<group>"; };
		7BB87BAB1E80756200D83C69 /* NewCustomerVC.swift */ = {isa = PBXFileReference; fileEncoding = 4; lastKnownFileType = sourcecode.swift; path = NewCustomerVC.swift; sourceTree = "<group>"; };
		7BBA7B221E7AFEFB00DA23F7 /* captainjake1.jpg */ = {isa = PBXFileReference; lastKnownFileType = image.jpeg; path = captainjake1.jpg; sourceTree = "<group>"; };
		7BBA7B241E7AFEFB00DA23F7 /* piratechest1.jpg */ = {isa = PBXFileReference; lastKnownFileType = image.jpeg; path = piratechest1.jpg; sourceTree = "<group>"; };
		7BBA7B261E7AFEFB00DA23F7 /* piratescurse1.jpg */ = {isa = PBXFileReference; lastKnownFileType = image.jpeg; path = piratescurse1.jpg; sourceTree = "<group>"; };
		7BBA7B281E7AFEFB00DA23F7 /* piratefairy1.jpg */ = {isa = PBXFileReference; lastKnownFileType = image.jpeg; path = piratefairy1.jpg; sourceTree = "<group>"; };
		7BBA7B291E7AFEFB00DA23F7 /* piratefairy2.jpg */ = {isa = PBXFileReference; lastKnownFileType = image.jpeg; path = piratefairy2.jpg; sourceTree = "<group>"; };
		7BBA7B2B1E7AFEFB00DA23F7 /* pirates1.jpg */ = {isa = PBXFileReference; lastKnownFileType = image.jpeg; path = pirates1.jpg; sourceTree = "<group>"; };
		7BBA7B2C1E7AFEFB00DA23F7 /* pirates2.jpg */ = {isa = PBXFileReference; lastKnownFileType = image.jpeg; path = pirates2.jpg; sourceTree = "<group>"; };
		7BBA7B2D1E7AFEFB00DA23F7 /* pirates3.jpg */ = {isa = PBXFileReference; lastKnownFileType = image.jpeg; path = pirates3.jpg; sourceTree = "<group>"; };
		7BBA7B2E1E7AFEFB00DA23F7 /* pirates4.jpg */ = {isa = PBXFileReference; lastKnownFileType = image.jpeg; path = pirates4.jpg; sourceTree = "<group>"; };
		7BBA7B2F1E7AFEFB00DA23F7 /* pirates5.jpg */ = {isa = PBXFileReference; lastKnownFileType = image.jpeg; path = pirates5.jpg; sourceTree = "<group>"; };
		7BBA7B301E7AFEFB00DA23F7 /* pirates6.jpg */ = {isa = PBXFileReference; lastKnownFileType = image.jpeg; path = pirates6.jpg; sourceTree = "<group>"; };
		7BBA7B321E7AFEFB00DA23F7 /* piratesilicon1.jpg */ = {isa = PBXFileReference; lastKnownFileType = image.jpeg; path = piratesilicon1.jpg; sourceTree = "<group>"; };
		7BBA7B341E7AFEFB00DA23F7 /* piratetides1.jpg */ = {isa = PBXFileReference; lastKnownFileType = image.jpeg; path = piratetides1.jpg; sourceTree = "<group>"; };
		7BBA7B351E7AFEFB00DA23F7 /* piratetides2.jpg */ = {isa = PBXFileReference; lastKnownFileType = image.jpeg; path = piratetides2.jpg; sourceTree = "<group>"; };
		7BBA7B361E7AFEFB00DA23F7 /* piratetides3.jpg */ = {isa = PBXFileReference; lastKnownFileType = image.jpeg; path = piratetides3.jpg; sourceTree = "<group>"; };
		7BBA7B371E7AFEFB00DA23F7 /* piratetides4.jpg */ = {isa = PBXFileReference; lastKnownFileType = image.jpeg; path = piratetides4.jpg; sourceTree = "<group>"; };
		7BBA7B381E7AFEFB00DA23F7 /* piratetides5.jpg */ = {isa = PBXFileReference; lastKnownFileType = image.jpeg; path = piratetides5.jpg; sourceTree = "<group>"; };
		7BBA7B391E7AFEFB00DA23F7 /* piratetides6.jpg */ = {isa = PBXFileReference; lastKnownFileType = image.jpeg; path = piratetides6.jpg; sourceTree = "<group>"; };
		7BBA7B3B1E7AFEFB00DA23F7 /* scooby1.jpg */ = {isa = PBXFileReference; lastKnownFileType = image.jpeg; path = scooby1.jpg; sourceTree = "<group>"; };
		7BBA7B3E1E7AFEFB00DA23F7 /* buccaneerboat1.jpg */ = {isa = PBXFileReference; lastKnownFileType = image.jpeg; path = buccaneerboat1.jpg; sourceTree = "<group>"; };
		7BBA7B3F1E7AFEFB00DA23F7 /* buccaneerboat2.jpg */ = {isa = PBXFileReference; lastKnownFileType = image.jpeg; path = buccaneerboat2.jpg; sourceTree = "<group>"; };
		7BBA7B401E7AFEFB00DA23F7 /* buccaneerboat3.jpg */ = {isa = PBXFileReference; lastKnownFileType = image.jpeg; path = buccaneerboat3.jpg; sourceTree = "<group>"; };
		7BBA7B411E7AFEFB00DA23F7 /* buccaneerboat4.jpg */ = {isa = PBXFileReference; lastKnownFileType = image.jpeg; path = buccaneerboat4.jpg; sourceTree = "<group>"; };
		7BBA7B431E7AFEFB00DA23F7 /* deluxeship1.jpg */ = {isa = PBXFileReference; lastKnownFileType = image.jpeg; path = deluxeship1.jpg; sourceTree = "<group>"; };
		7BBA7B451E7AFEFB00DA23F7 /* jakeneverland1.jpg */ = {isa = PBXFileReference; lastKnownFileType = image.jpeg; path = jakeneverland1.jpg; sourceTree = "<group>"; };
		7BBA7B461E7AFEFB00DA23F7 /* jakeneverland2.jpg */ = {isa = PBXFileReference; lastKnownFileType = image.jpeg; path = jakeneverland2.jpg; sourceTree = "<group>"; };
		7BBA7B471E7AFEFB00DA23F7 /* jakeneverland3.jpg */ = {isa = PBXFileReference; lastKnownFileType = image.jpeg; path = jakeneverland3.jpg; sourceTree = "<group>"; };
		7BBA7B481E7AFEFB00DA23F7 /* jakeneverland4.jpg */ = {isa = PBXFileReference; lastKnownFileType = image.jpeg; path = jakeneverland4.jpg; sourceTree = "<group>"; };
		7BBA7B491E7AFEFB00DA23F7 /* jakeneverland5.jpg */ = {isa = PBXFileReference; lastKnownFileType = image.jpeg; path = jakeneverland5.jpg; sourceTree = "<group>"; };
		7BBA7B4B1E7AFEFB00DA23F7 /* littletikes1.jpg */ = {isa = PBXFileReference; lastKnownFileType = image.jpeg; path = littletikes1.jpg; sourceTree = "<group>"; };
		7BBA7B4C1E7AFEFB00DA23F7 /* littletikes2.jpg */ = {isa = PBXFileReference; lastKnownFileType = image.jpeg; path = littletikes2.jpg; sourceTree = "<group>"; };
		7BBA7B4D1E7AFEFB00DA23F7 /* littletikes3.jpg */ = {isa = PBXFileReference; lastKnownFileType = image.jpeg; path = littletikes3.jpg; sourceTree = "<group>"; };
		7BBA7B4E1E7AFEFB00DA23F7 /* littletikes4.jpg */ = {isa = PBXFileReference; lastKnownFileType = image.jpeg; path = littletikes4.jpg; sourceTree = "<group>"; };
		7BBA7B4F1E7AFEFB00DA23F7 /* littletikes5.jpg */ = {isa = PBXFileReference; lastKnownFileType = image.jpeg; path = littletikes5.jpg; sourceTree = "<group>"; };
		7BBA7B511E7AFEFB00DA23F7 /* popupPirate1.jpg */ = {isa = PBXFileReference; lastKnownFileType = image.jpeg; path = popupPirate1.jpg; sourceTree = "<group>"; };
		7BBA7B521E7AFEFB00DA23F7 /* popupPirate2.jpg */ = {isa = PBXFileReference; lastKnownFileType = image.jpeg; path = popupPirate2.jpg; sourceTree = "<group>"; };
		7BBA7B531E7AFEFB00DA23F7 /* popupPirate3.jpg */ = {isa = PBXFileReference; lastKnownFileType = image.jpeg; path = popupPirate3.jpg; sourceTree = "<group>"; };
		7BBA7B541E7AFEFB00DA23F7 /* popupPirate4.jpg */ = {isa = PBXFileReference; lastKnownFileType = image.jpeg; path = popupPirate4.jpg; sourceTree = "<group>"; };
		7BBA7B551E7AFEFB00DA23F7 /* popupPirate5.jpg */ = {isa = PBXFileReference; lastKnownFileType = image.jpeg; path = popupPirate5.jpg; sourceTree = "<group>"; };
		7BBA7B561E7AFEFB00DA23F7 /* popupPirate6.jpg */ = {isa = PBXFileReference; lastKnownFileType = image.jpeg; path = popupPirate6.jpg; sourceTree = "<group>"; };
		7BBA7B581E7AFEFB00DA23F7 /* sharkbiteship1.jpg */ = {isa = PBXFileReference; lastKnownFileType = image.jpeg; path = sharkbiteship1.jpg; sourceTree = "<group>"; };
		7BBA7B591E7AFEFB00DA23F7 /* sharkbiteship2.jpg */ = {isa = PBXFileReference; lastKnownFileType = image.jpeg; path = sharkbiteship2.jpg; sourceTree = "<group>"; };
		7BBA7B5A1E7AFEFB00DA23F7 /* sharkbiteship3.jpg */ = {isa = PBXFileReference; lastKnownFileType = image.jpeg; path = sharkbiteship3.jpg; sourceTree = "<group>"; };
		7BBA7B5B1E7AFEFB00DA23F7 /* sharkbiteship4.jpg */ = {isa = PBXFileReference; lastKnownFileType = image.jpeg; path = sharkbiteship4.jpg; sourceTree = "<group>"; };
		7BBA7B5C1E7AFEFB00DA23F7 /* sharkbiteship5.jpg */ = {isa = PBXFileReference; lastKnownFileType = image.jpeg; path = sharkbiteship5.jpg; sourceTree = "<group>"; };
		7BBA7B5D1E7AFEFB00DA23F7 /* toydrive.png */ = {isa = PBXFileReference; lastKnownFileType = image.png; path = toydrive.png; sourceTree = "<group>"; };
		7BBA7B8D1E7AFF3000DA23F7 /* Utility.swift */ = {isa = PBXFileReference; fileEncoding = 4; lastKnownFileType = sourcecode.swift; path = Utility.swift; sourceTree = "<group>"; };
		7BBA7B901E7AFFD700DA23F7 /* String+Extension.swift */ = {isa = PBXFileReference; fileEncoding = 4; lastKnownFileType = sourcecode.swift; path = "String+Extension.swift"; sourceTree = "<group>"; };
		7BD028891E7D8D4B007D29FA /* ProductInfoTableViewCell.swift */ = {isa = PBXFileReference; fileEncoding = 4; lastKnownFileType = sourcecode.swift; path = ProductInfoTableViewCell.swift; sourceTree = "<group>"; };
		7BD0288B1E7D9BE9007D29FA /* QuantityTableVC.swift */ = {isa = PBXFileReference; fileEncoding = 4; lastKnownFileType = sourcecode.swift; path = QuantityTableVC.swift; sourceTree = "<group>"; };
		7BD54DA11E7A1595005466C7 /* TheStore.app */ = {isa = PBXFileReference; explicitFileType = wrapper.application; includeInIndex = 0; path = TheStore.app; sourceTree = BUILT_PRODUCTS_DIR; };
		7BD54DA41E7A1595005466C7 /* AppDelegate.swift */ = {isa = PBXFileReference; lastKnownFileType = sourcecode.swift; path = AppDelegate.swift; sourceTree = "<group>"; };
		7BD54DA91E7A1596005466C7 /* Base */ = {isa = PBXFileReference; lastKnownFileType = file.storyboard; name = Base; path = Base.lproj/Main.storyboard; sourceTree = "<group>"; };
		7BD54DAB1E7A1596005466C7 /* Assets.xcassets */ = {isa = PBXFileReference; lastKnownFileType = folder.assetcatalog; path = Assets.xcassets; sourceTree = "<group>"; };
		7BD54DAE1E7A1596005466C7 /* Base */ = {isa = PBXFileReference; lastKnownFileType = file.storyboard; name = Base; path = Base.lproj/LaunchScreen.storyboard; sourceTree = "<group>"; };
		7BD54DB01E7A1596005466C7 /* Info.plist */ = {isa = PBXFileReference; lastKnownFileType = text.plist.xml; path = Info.plist; sourceTree = "<group>"; };
		7BD54DBB1E7A1F13005466C7 /* piratebattle.pdf */ = {isa = PBXFileReference; lastKnownFileType = image.pdf; path = piratebattle.pdf; sourceTree = "<group>"; };
		7BD54DBD1E7A1F13005466C7 /* piratemap.pdf */ = {isa = PBXFileReference; lastKnownFileType = image.pdf; path = piratemap.pdf; sourceTree = "<group>"; };
		7BD54DBE1E7A1F13005466C7 /* piratesofcaribbean.pdf */ = {isa = PBXFileReference; lastKnownFileType = image.pdf; path = piratesofcaribbean.pdf; sourceTree = "<group>"; };
		7BFBC6F91E7C722A00EE78EC /* MyButton.swift */ = {isa = PBXFileReference; fileEncoding = 4; lastKnownFileType = sourcecode.swift; path = MyButton.swift; sourceTree = "<group>"; };
		7BFBC6FB1E7C768A00EE78EC /* ProductDetailVC.swift */ = {isa = PBXFileReference; fileEncoding = 4; lastKnownFileType = sourcecode.swift; path = ProductDetailVC.swift; sourceTree = "<group>"; };
		7BFBC6FD1E7C76AD00EE78EC /* DetailSummaryView.swift */ = {isa = PBXFileReference; fileEncoding = 4; lastKnownFileType = sourcecode.swift; path = DetailSummaryView.swift; sourceTree = "<group>"; };
/* End PBXFileReference section */

/* Begin PBXFrameworksBuildPhase section */
		7BD54D9E1E7A1595005466C7 /* Frameworks */ = {
			isa = PBXFrameworksBuildPhase;
			buildActionMask = 2147483647;
			files = (
			);
			runOnlyForDeploymentPostprocessing = 0;
		};
/* End PBXFrameworksBuildPhase section */

/* Begin PBXGroup section */
		7B1BE93D1E7C3F3F009FD97A /* home */ = {
			isa = PBXGroup;
			children = (
				7B1BE93E1E7C3F62009FD97A /* ProductCollectionViewCell.swift */,
			);
			name = home;
			sourceTree = "<group>";
		};
		7B42DCFE1E8051E500DF979D /* Customer */ = {
			isa = PBXGroup;
			children = (
				7B42DCFF1E8051FA00DF979D /* AddressVC.swift */,
				7BB87BAB1E80756200D83C69 /* NewCustomerVC.swift */,
			);
			name = Customer;
			sourceTree = "<group>";
		};
		7B4571A61E831CF00011E1F7 /* orderConfirmation */ = {
			isa = PBXGroup;
			children = (
				7B4571A71E831D0D0011E1F7 /* OrderConfirmationVC.swift */,
			);
			name = orderConfirmation;
			sourceTree = "<group>";
		};
		7B54AC4B1E8045D30024245B /* Login */ = {
			isa = PBXGroup;
			children = (
				7B54AC4C1E8045EE0024245B /* LoginVC.swift */,
			);
			name = Login;
			sourceTree = "<group>";
		};
		7B5662921E7F3758002C822F /* CartCheckout */ = {
			isa = PBXGroup;
			children = (
				7B5662931E7F3779002C822F /* CartTableVC.swift */,
			);
			name = CartCheckout;
			sourceTree = "<group>";
		};
		7B5662951E7F3B26002C822F /* CartCheckout */ = {
			isa = PBXGroup;
			children = (
				7B5662961E7F3B6B002C822F /* ItemInCartCell.swift */,
				7B5662971E7F3B6B002C822F /* ItemInCartCell.xib */,
			);
			name = CartCheckout;
			sourceTree = "<group>";
		};
		7B70CC451E81C033006664C0 /* Payment */ = {
			isa = PBXGroup;
			children = (
				7B3AA8C51E817D5400A214CD /* PaymentVC.swift */,
				7B4AC4641E81D48E0007FDBB /* PopoverTableVC.swift */,
				7B8DF6FD1E82E0EF008B37B5 /* ReviewOrderTableVC.swift */,
			);
			name = Payment;
			sourceTree = "<group>";
		};
		7B70CC461E81C081006664C0 /* payment */ = {
			isa = PBXGroup;
			children = (
				7B70CC471E81C0B1006664C0 /* ExistingTableViewCell.swift */,
				7B4B46CE1E81C61E00216321 /* NewCardTableViewCell.swift */,
			);
			name = payment;
			sourceTree = "<group>";
		};
		7B74186F1E7A239000CD9F02 /* Model */ = {
			isa = PBXGroup;
			children = (
				7B0DD7331E7AE48F006F05DF /* CoreDataStack.swift */,
				7B0DD7311E7AE390006F05DF /* products.json */,
				7B0DD7351E7AEA0E006F05DF /* PirateBay.xcdatamodeld */,
				7B1BE93B1E7C3C35009FD97A /* ProductService.swift */,
				7B7197591E7DBD8700493D45 /* ShoppingCart.swift */,
				7B42DCFC1E804DAE00DF979D /* CustomerService.swift */,
			);
			name = Model;
			sourceTree = "<group>";
		};
		7BA8AD921E82E77300592030 /* orderSummary */ = {
			isa = PBXGroup;
			children = (
				7BA8AD931E82E79200592030 /* PaymentTableViewCell.swift */,
				7BA8AD951E82E79F00592030 /* ShippingTableViewCell.swift */,
			);
			name = orderSummary;
			sourceTree = "<group>";
		};
		7BAC2BBE1E7C48C80012C63D /* browse */ = {
			isa = PBXGroup;
			children = (
				7BAC2BC01E7C48F50012C63D /* ProductsTableVC.swift */,
				7BFBC6FB1E7C768A00EE78EC /* ProductDetailVC.swift */,
				7BD0288B1E7D9BE9007D29FA /* QuantityTableVC.swift */,
			);
			name = browse;
			sourceTree = "<group>";
		};
		7BAC2BBF1E7C48D20012C63D /* browse */ = {
			isa = PBXGroup;
			children = (
				7BAC2BC21E7C49200012C63D /* ProductsTableViewCell.swift */,
				7BFBC6FD1E7C76AD00EE78EC /* DetailSummaryView.swift */,
				7BD028891E7D8D4B007D29FA /* ProductInfoTableViewCell.swift */,
			);
			name = browse;
			sourceTree = "<group>";
		};
		7BAC2BC41E7C49360012C63D /* home */ = {
			isa = PBXGroup;
			children = (
				7B7418721E7A23E900CD9F02 /* HomeVC.swift */,
				7B7418701E7A23C900CD9F02 /* PromoContentVC.swift */,
			);
			name = home;
			sourceTree = "<group>";
		};
		7BBA7B201E7AFEFB00DA23F7 /* dvd */ = {
			isa = PBXGroup;
			children = (
				7BBA7B211E7AFEFB00DA23F7 /* captainjake */,
				7BBA7B231E7AFEFB00DA23F7 /* piratechest */,
				7BBA7B251E7AFEFB00DA23F7 /* piratecurse */,
				7BBA7B271E7AFEFB00DA23F7 /* piratefairy */,
				7BBA7B2A1E7AFEFB00DA23F7 /* pirates */,
				7BBA7B311E7AFEFB00DA23F7 /* piratesilicon */,
				7BBA7B331E7AFEFB00DA23F7 /* piratetides */,
				7BBA7B3A1E7AFEFB00DA23F7 /* scooby */,
			);
			path = dvd;
			sourceTree = "<group>";
		};
		7BBA7B211E7AFEFB00DA23F7 /* captainjake */ = {
			isa = PBXGroup;
			children = (
				7BBA7B221E7AFEFB00DA23F7 /* captainjake1.jpg */,
			);
			path = captainjake;
			sourceTree = "<group>";
		};
		7BBA7B231E7AFEFB00DA23F7 /* piratechest */ = {
			isa = PBXGroup;
			children = (
				7BBA7B241E7AFEFB00DA23F7 /* piratechest1.jpg */,
			);
			path = piratechest;
			sourceTree = "<group>";
		};
		7BBA7B251E7AFEFB00DA23F7 /* piratecurse */ = {
			isa = PBXGroup;
			children = (
				7BBA7B261E7AFEFB00DA23F7 /* piratescurse1.jpg */,
			);
			path = piratecurse;
			sourceTree = "<group>";
		};
		7BBA7B271E7AFEFB00DA23F7 /* piratefairy */ = {
			isa = PBXGroup;
			children = (
				7BBA7B281E7AFEFB00DA23F7 /* piratefairy1.jpg */,
				7BBA7B291E7AFEFB00DA23F7 /* piratefairy2.jpg */,
			);
			path = piratefairy;
			sourceTree = "<group>";
		};
		7BBA7B2A1E7AFEFB00DA23F7 /* pirates */ = {
			isa = PBXGroup;
			children = (
				7BBA7B2B1E7AFEFB00DA23F7 /* pirates1.jpg */,
				7BBA7B2C1E7AFEFB00DA23F7 /* pirates2.jpg */,
				7BBA7B2D1E7AFEFB00DA23F7 /* pirates3.jpg */,
				7BBA7B2E1E7AFEFB00DA23F7 /* pirates4.jpg */,
				7BBA7B2F1E7AFEFB00DA23F7 /* pirates5.jpg */,
				7BBA7B301E7AFEFB00DA23F7 /* pirates6.jpg */,
			);
			path = pirates;
			sourceTree = "<group>";
		};
		7BBA7B311E7AFEFB00DA23F7 /* piratesilicon */ = {
			isa = PBXGroup;
			children = (
				7BBA7B321E7AFEFB00DA23F7 /* piratesilicon1.jpg */,
			);
			path = piratesilicon;
			sourceTree = "<group>";
		};
		7BBA7B331E7AFEFB00DA23F7 /* piratetides */ = {
			isa = PBXGroup;
			children = (
				7BBA7B341E7AFEFB00DA23F7 /* piratetides1.jpg */,
				7BBA7B351E7AFEFB00DA23F7 /* piratetides2.jpg */,
				7BBA7B361E7AFEFB00DA23F7 /* piratetides3.jpg */,
				7BBA7B371E7AFEFB00DA23F7 /* piratetides4.jpg */,
				7BBA7B381E7AFEFB00DA23F7 /* piratetides5.jpg */,
				7BBA7B391E7AFEFB00DA23F7 /* piratetides6.jpg */,
			);
			path = piratetides;
			sourceTree = "<group>";
		};
		7BBA7B3A1E7AFEFB00DA23F7 /* scooby */ = {
			isa = PBXGroup;
			children = (
				7BBA7B3B1E7AFEFB00DA23F7 /* scooby1.jpg */,
			);
			path = scooby;
			sourceTree = "<group>";
		};
		7BBA7B3C1E7AFEFB00DA23F7 /* toy */ = {
			isa = PBXGroup;
			children = (
				7BBA7B3D1E7AFEFB00DA23F7 /* buccaneerBoat */,
				7BBA7B421E7AFEFB00DA23F7 /* deluxeship */,
				7BBA7B441E7AFEFB00DA23F7 /* jakeneverland */,
				7BBA7B4A1E7AFEFB00DA23F7 /* littletikes */,
				7BBA7B501E7AFEFB00DA23F7 /* popupPirate */,
				7BBA7B571E7AFEFB00DA23F7 /* sharkbiteship */,
				7BBA7B5D1E7AFEFB00DA23F7 /* toydrive.png */,
			);
			path = toy;
			sourceTree = "<group>";
		};
		7BBA7B3D1E7AFEFB00DA23F7 /* buccaneerBoat */ = {
			isa = PBXGroup;
			children = (
				7BBA7B3E1E7AFEFB00DA23F7 /* buccaneerboat1.jpg */,
				7BBA7B3F1E7AFEFB00DA23F7 /* buccaneerboat2.jpg */,
				7BBA7B401E7AFEFB00DA23F7 /* buccaneerboat3.jpg */,
				7BBA7B411E7AFEFB00DA23F7 /* buccaneerboat4.jpg */,
			);
			path = buccaneerBoat;
			sourceTree = "<group>";
		};
		7BBA7B421E7AFEFB00DA23F7 /* deluxeship */ = {
			isa = PBXGroup;
			children = (
				7BBA7B431E7AFEFB00DA23F7 /* deluxeship1.jpg */,
			);
			path = deluxeship;
			sourceTree = "<group>";
		};
		7BBA7B441E7AFEFB00DA23F7 /* jakeneverland */ = {
			isa = PBXGroup;
			children = (
				7BBA7B451E7AFEFB00DA23F7 /* jakeneverland1.jpg */,
				7BBA7B461E7AFEFB00DA23F7 /* jakeneverland2.jpg */,
				7BBA7B471E7AFEFB00DA23F7 /* jakeneverland3.jpg */,
				7BBA7B481E7AFEFB00DA23F7 /* jakeneverland4.jpg */,
				7BBA7B491E7AFEFB00DA23F7 /* jakeneverland5.jpg */,
			);
			path = jakeneverland;
			sourceTree = "<group>";
		};
		7BBA7B4A1E7AFEFB00DA23F7 /* littletikes */ = {
			isa = PBXGroup;
			children = (
				7BBA7B4B1E7AFEFB00DA23F7 /* littletikes1.jpg */,
				7BBA7B4C1E7AFEFB00DA23F7 /* littletikes2.jpg */,
				7BBA7B4D1E7AFEFB00DA23F7 /* littletikes3.jpg */,
				7BBA7B4E1E7AFEFB00DA23F7 /* littletikes4.jpg */,
				7BBA7B4F1E7AFEFB00DA23F7 /* littletikes5.jpg */,
			);
			path = littletikes;
			sourceTree = "<group>";
		};
		7BBA7B501E7AFEFB00DA23F7 /* popupPirate */ = {
			isa = PBXGroup;
			children = (
				7BBA7B511E7AFEFB00DA23F7 /* popupPirate1.jpg */,
				7BBA7B521E7AFEFB00DA23F7 /* popupPirate2.jpg */,
				7BBA7B531E7AFEFB00DA23F7 /* popupPirate3.jpg */,
				7BBA7B541E7AFEFB00DA23F7 /* popupPirate4.jpg */,
				7BBA7B551E7AFEFB00DA23F7 /* popupPirate5.jpg */,
				7BBA7B561E7AFEFB00DA23F7 /* popupPirate6.jpg */,
			);
			path = popupPirate;
			sourceTree = "<group>";
		};
		7BBA7B571E7AFEFB00DA23F7 /* sharkbiteship */ = {
			isa = PBXGroup;
			children = (
				7BBA7B581E7AFEFB00DA23F7 /* sharkbiteship1.jpg */,
				7BBA7B591E7AFEFB00DA23F7 /* sharkbiteship2.jpg */,
				7BBA7B5A1E7AFEFB00DA23F7 /* sharkbiteship3.jpg */,
				7BBA7B5B1E7AFEFB00DA23F7 /* sharkbiteship4.jpg */,
				7BBA7B5C1E7AFEFB00DA23F7 /* sharkbiteship5.jpg */,
			);
			path = sharkbiteship;
			sourceTree = "<group>";
		};
		7BBA7B8C1E7AFF1700DA23F7 /* Helper */ = {
			isa = PBXGroup;
			children = (
				7BBA7B8D1E7AFF3000DA23F7 /* Utility.swift */,
				7B447D501E7C56FA00FE58FF /* UserRating.swift */,
			);
			name = Helper;
			sourceTree = "<group>";
		};
		7BBA7B8F1E7AFFC200DA23F7 /* Extensions */ = {
			isa = PBXGroup;
			children = (
				7BBA7B901E7AFFD700DA23F7 /* String+Extension.swift */,
				7BAC2BC51E7C4B810012C63D /* Double+Extension.swift */,
				7B447D4E1E7C51B400FE58FF /* UIColor.Extension.swift */,
				7B8C7E201E7CB1D3000B0C7F /* UIImage+Extension.swift */,
			);
			name = Extensions;
			sourceTree = "<group>";
		};
		7BD54D981E7A1595005466C7 = {
			isa = PBXGroup;
			children = (
				7BD54DA31E7A1595005466C7 /* TheStore */,
				7BD54DA21E7A1595005466C7 /* Products */,
			);
			sourceTree = "<group>";
		};
		7BD54DA21E7A1595005466C7 /* Products */ = {
			isa = PBXGroup;
			children = (
				7BD54DA11E7A1595005466C7 /* TheStore.app */,
			);
			name = Products;
			sourceTree = "<group>";
		};
		7BD54DA31E7A1595005466C7 /* TheStore */ = {
			isa = PBXGroup;
			children = (
				7BBA7B8F1E7AFFC200DA23F7 /* Extensions */,
				7BBA7B8C1E7AFF1700DA23F7 /* Helper */,
				7BD54DB91E7A1EF0005466C7 /* assets */,
				7B74186F1E7A239000CD9F02 /* Model */,
				7BD54DB71E7A1E9D005466C7 /* View */,
				7BD54DB61E7A1E96005466C7 /* Controller */,
				7BD54DAB1E7A1596005466C7 /* Assets.xcassets */,
				7BD54DB01E7A1596005466C7 /* Info.plist */,
			);
			path = TheStore;
			sourceTree = "<group>";
		};
		7BD54DB61E7A1E96005466C7 /* Controller */ = {
			isa = PBXGroup;
			children = (
				7B4571A61E831CF00011E1F7 /* orderConfirmation */,
				7B70CC451E81C033006664C0 /* Payment */,
				7B42DCFE1E8051E500DF979D /* Customer */,
				7B54AC4B1E8045D30024245B /* Login */,
				7B5662921E7F3758002C822F /* CartCheckout */,
				7BAC2BC41E7C49360012C63D /* home */,
				7BAC2BBE1E7C48C80012C63D /* browse */,
				7BD54DA41E7A1595005466C7 /* AppDelegate.swift */,
			);
			name = Controller;
			sourceTree = "<group>";
		};
		7BD54DB71E7A1E9D005466C7 /* View */ = {
			isa = PBXGroup;
			children = (
				7BA8AD921E82E77300592030 /* orderSummary */,
				7B70CC461E81C081006664C0 /* payment */,
				7B5662951E7F3B26002C822F /* CartCheckout */,
				7BAC2BBF1E7C48D20012C63D /* browse */,
				7B1BE93D1E7C3F3F009FD97A /* home */,
				7BD54DAD1E7A1596005466C7 /* LaunchScreen.storyboard */,
				7BD54DA81E7A1596005466C7 /* Main.storyboard */,
			);
			name = View;
			sourceTree = "<group>";
		};
		7BD54DB91E7A1EF0005466C7 /* assets */ = {
			isa = PBXGroup;
			children = (
				7BFBC6F81E7C721A00EE78EC /* button */,
				7BBA7B201E7AFEFB00DA23F7 /* dvd */,
				7BBA7B3C1E7AFEFB00DA23F7 /* toy */,
				7BD54DBB1E7A1F13005466C7 /* piratebattle.pdf */,
				7BD54DBD1E7A1F13005466C7 /* piratemap.pdf */,
				7BD54DBE1E7A1F13005466C7 /* piratesofcaribbean.pdf */,
			);
			name = assets;
			sourceTree = "<group>";
		};
		7BFBC6F81E7C721A00EE78EC /* button */ = {
			isa = PBXGroup;
			children = (
				7BFBC6F91E7C722A00EE78EC /* MyButton.swift */,
			);
			name = button;
			sourceTree = "<group>";
		};
/* End PBXGroup section */

/* Begin PBXNativeTarget section */
		7BD54DA01E7A1595005466C7 /* TheStore */ = {
			isa = PBXNativeTarget;
			buildConfigurationList = 7BD54DB31E7A1596005466C7 /* Build configuration list for PBXNativeTarget "TheStore" */;
			buildPhases = (
				7BD54D9D1E7A1595005466C7 /* Sources */,
				7BD54D9E1E7A1595005466C7 /* Frameworks */,
				7BD54D9F1E7A1595005466C7 /* Resources */,
			);
			buildRules = (
			);
			dependencies = (
			);
			name = TheStore;
			productName = TheStore;
			productReference = 7BD54DA11E7A1595005466C7 /* TheStore.app */;
			productType = "com.apple.product-type.application";
		};
/* End PBXNativeTarget section */

/* Begin PBXProject section */
		7BD54D991E7A1595005466C7 /* Project object */ = {
			isa = PBXProject;
			attributes = {
				LastSwiftUpdateCheck = 0820;
				LastUpgradeCheck = 0820;
				ORGANIZATIONNAME = "Dan Lindsay";
				TargetAttributes = {
					7BD54DA01E7A1595005466C7 = {
						CreatedOnToolsVersion = 8.2.1;
						DevelopmentTeam = 999T2QHS45;
						ProvisioningStyle = Automatic;
					};
				};
			};
			buildConfigurationList = 7BD54D9C1E7A1595005466C7 /* Build configuration list for PBXProject "TheStore" */;
			compatibilityVersion = "Xcode 3.2";
			developmentRegion = English;
			hasScannedForEncodings = 0;
			knownRegions = (
				en,
				Base,
			);
			mainGroup = 7BD54D981E7A1595005466C7;
			productRefGroup = 7BD54DA21E7A1595005466C7 /* Products */;
			projectDirPath = "";
			projectRoot = "";
			targets = (
				7BD54DA01E7A1595005466C7 /* TheStore */,
			);
		};
/* End PBXProject section */

/* Begin PBXResourcesBuildPhase section */
		7BD54D9F1E7A1595005466C7 /* Resources */ = {
			isa = PBXResourcesBuildPhase;
			buildActionMask = 2147483647;
			files = (
				7BD54DAF1E7A1596005466C7 /* LaunchScreen.storyboard in Resources */,
				7BD54DC41E7A1F13005466C7 /* piratesofcaribbean.pdf in Resources */,
				7BBA7B6E1E7AFEFB00DA23F7 /* piratetides5.jpg in Resources */,
				7BBA7B7B1E7AFEFB00DA23F7 /* littletikes1.jpg in Resources */,
				7BBA7B6B1E7AFEFB00DA23F7 /* piratetides2.jpg in Resources */,
				7BBA7B691E7AFEFB00DA23F7 /* piratesilicon1.jpg in Resources */,
				7B0DD7321E7AE390006F05DF /* products.json in Resources */,
				7BBA7B811E7AFEFB00DA23F7 /* popupPirate2.jpg in Resources */,
				7BBA7B871E7AFEFB00DA23F7 /* sharkbiteship2.jpg in Resources */,
				7BBA7B831E7AFEFB00DA23F7 /* popupPirate4.jpg in Resources */,
				7BBA7B641E7AFEFB00DA23F7 /* pirates2.jpg in Resources */,
				7BBA7B6C1E7AFEFB00DA23F7 /* piratetides3.jpg in Resources */,
				7BBA7B7F1E7AFEFB00DA23F7 /* littletikes5.jpg in Resources */,
				7B5662991E7F3B6B002C822F /* ItemInCartCell.xib in Resources */,
				7BBA7B821E7AFEFB00DA23F7 /* popupPirate3.jpg in Resources */,
				7BBA7B7E1E7AFEFB00DA23F7 /* littletikes4.jpg in Resources */,
				7BBA7B851E7AFEFB00DA23F7 /* popupPirate6.jpg in Resources */,
				7BBA7B601E7AFEFB00DA23F7 /* piratescurse1.jpg in Resources */,
				7BBA7B721E7AFEFB00DA23F7 /* buccaneerboat2.jpg in Resources */,
				7BBA7B751E7AFEFB00DA23F7 /* deluxeship1.jpg in Resources */,
				7BBA7B6A1E7AFEFB00DA23F7 /* piratetides1.jpg in Resources */,
				7BBA7B761E7AFEFB00DA23F7 /* jakeneverland1.jpg in Resources */,
				7BBA7B5F1E7AFEFB00DA23F7 /* piratechest1.jpg in Resources */,
				7BBA7B6F1E7AFEFB00DA23F7 /* piratetides6.jpg in Resources */,
				7BBA7B881E7AFEFB00DA23F7 /* sharkbiteship3.jpg in Resources */,
				7BBA7B621E7AFEFB00DA23F7 /* piratefairy2.jpg in Resources */,
				7BBA7B711E7AFEFB00DA23F7 /* buccaneerboat1.jpg in Resources */,
				7BBA7B661E7AFEFB00DA23F7 /* pirates4.jpg in Resources */,
				7BBA7B791E7AFEFB00DA23F7 /* jakeneverland4.jpg in Resources */,
				7BBA7B5E1E7AFEFB00DA23F7 /* captainjake1.jpg in Resources */,
				7BBA7B771E7AFEFB00DA23F7 /* jakeneverland2.jpg in Resources */,
				7BBA7B8B1E7AFEFB00DA23F7 /* toydrive.png in Resources */,
				7BBA7B681E7AFEFB00DA23F7 /* pirates6.jpg in Resources */,
				7BD54DAC1E7A1596005466C7 /* Assets.xcassets in Resources */,
				7BD54DC11E7A1F13005466C7 /* piratebattle.pdf in Resources */,
				7BBA7B7C1E7AFEFB00DA23F7 /* littletikes2.jpg in Resources */,
				7BD54DAA1E7A1596005466C7 /* Main.storyboard in Resources */,
				7BBA7B611E7AFEFB00DA23F7 /* piratefairy1.jpg in Resources */,
				7BBA7B701E7AFEFB00DA23F7 /* scooby1.jpg in Resources */,
				7BBA7B861E7AFEFB00DA23F7 /* sharkbiteship1.jpg in Resources */,
				7BBA7B671E7AFEFB00DA23F7 /* pirates5.jpg in Resources */,
				7BBA7B7A1E7AFEFB00DA23F7 /* jakeneverland5.jpg in Resources */,
				7BBA7B731E7AFEFB00DA23F7 /* buccaneerboat3.jpg in Resources */,
				7BBA7B891E7AFEFB00DA23F7 /* sharkbiteship4.jpg in Resources */,
				7BBA7B781E7AFEFB00DA23F7 /* jakeneverland3.jpg in Resources */,
				7BBA7B8A1E7AFEFB00DA23F7 /* sharkbiteship5.jpg in Resources */,
				7BBA7B741E7AFEFB00DA23F7 /* buccaneerboat4.jpg in Resources */,
				7BBA7B651E7AFEFB00DA23F7 /* pirates3.jpg in Resources */,
				7BBA7B6D1E7AFEFB00DA23F7 /* piratetides4.jpg in Resources */,
				7BBA7B841E7AFEFB00DA23F7 /* popupPirate5.jpg in Resources */,
				7BBA7B631E7AFEFB00DA23F7 /* pirates1.jpg in Resources */,
				7BBA7B7D1E7AFEFB00DA23F7 /* littletikes3.jpg in Resources */,
				7BD54DC31E7A1F13005466C7 /* piratemap.pdf in Resources */,
				7BBA7B801E7AFEFB00DA23F7 /* popupPirate1.jpg in Resources */,
			);
			runOnlyForDeploymentPostprocessing = 0;
		};
/* End PBXResourcesBuildPhase section */

/* Begin PBXSourcesBuildPhase section */
		7BD54D9D1E7A1595005466C7 /* Sources */ = {
			isa = PBXSourcesBuildPhase;
			buildActionMask = 2147483647;
			files = (
				7BB87BAC1E80756200D83C69 /* NewCustomerVC.swift in Sources */,
				7B7418711E7A23C900CD9F02 /* PromoContentVC.swift in Sources */,
				7B8DF6FE1E82E0EF008B37B5 /* ReviewOrderTableVC.swift in Sources */,
				7B4B46CF1E81C61E00216321 /* NewCardTableViewCell.swift in Sources */,
				7B1BE93C1E7C3C35009FD97A /* ProductService.swift in Sources */,
				7B54AC4D1E8045EE0024245B /* LoginVC.swift in Sources */,
				7BFBC6FE1E7C76AD00EE78EC /* DetailSummaryView.swift in Sources */,
				7B3AA8C61E817D5400A214CD /* PaymentVC.swift in Sources */,
				7B8C7E211E7CB1D3000B0C7F /* UIImage+Extension.swift in Sources */,
				7B70CC481E81C0B1006664C0 /* ExistingTableViewCell.swift in Sources */,
				7BFBC6FA1E7C722A00EE78EC /* MyButton.swift in Sources */,
				7BBA7B911E7AFFD700DA23F7 /* String+Extension.swift in Sources */,
				7B42DD001E8051FA00DF979D /* AddressVC.swift in Sources */,
				7B7418731E7A23E900CD9F02 /* HomeVC.swift in Sources */,
				7B4571A81E831D0D0011E1F7 /* OrderConfirmationVC.swift in Sources */,
				7B4AC4651E81D48E0007FDBB /* PopoverTableVC.swift in Sources */,
				7B5662941E7F3779002C822F /* CartTableVC.swift in Sources */,
				7BBA7B8E1E7AFF3000DA23F7 /* Utility.swift in Sources */,
				7BD0288C1E7D9BE9007D29FA /* QuantityTableVC.swift in Sources */,
				7B0DD7371E7AEA0E006F05DF /* PirateBay.xcdatamodeld in Sources */,
				7B42DCFD1E804DAE00DF979D /* CustomerService.swift in Sources */,
				7BD54DA51E7A1595005466C7 /* AppDelegate.swift in Sources */,
				7B447D4F1E7C51B400FE58FF /* UIColor.Extension.swift in Sources */,
				7B1BE93F1E7C3F62009FD97A /* ProductCollectionViewCell.swift in Sources */,
				7BA8AD941E82E79200592030 /* PaymentTableViewCell.swift in Sources */,
				7B71975A1E7DBD8700493D45 /* ShoppingCart.swift in Sources */,
				7BAC2BC61E7C4B810012C63D /* Double+Extension.swift in Sources */,
				7B5662981E7F3B6B002C822F /* ItemInCartCell.swift in Sources */,
				7BAC2BC31E7C49200012C63D /* ProductsTableViewCell.swift in Sources */,
				7BD0288A1E7D8D4B007D29FA /* ProductInfoTableViewCell.swift in Sources */,
				7B0DD7341E7AE48F006F05DF /* CoreDataStack.swift in Sources */,
				7BFBC6FC1E7C768A00EE78EC /* ProductDetailVC.swift in Sources */,
				7BA8AD961E82E79F00592030 /* ShippingTableViewCell.swift in Sources */,
				7BAC2BC11E7C48F50012C63D /* ProductsTableVC.swift in Sources */,
				7B447D511E7C56FA00FE58FF /* UserRating.swift in Sources */,
			);
			runOnlyForDeploymentPostprocessing = 0;
		};
/* End PBXSourcesBuildPhase section */

/* Begin PBXVariantGroup section */
		7BD54DA81E7A1596005466C7 /* Main.storyboard */ = {
			isa = PBXVariantGroup;
			children = (
				7BD54DA91E7A1596005466C7 /* Base */,
			);
			name = Main.storyboard;
			sourceTree = "<group>";
		};
		7BD54DAD1E7A1596005466C7 /* LaunchScreen.storyboard */ = {
			isa = PBXVariantGroup;
			children = (
				7BD54DAE1E7A1596005466C7 /* Base */,
			);
			name = LaunchScreen.storyboard;
			sourceTree = "<group>";
		};
/* End PBXVariantGroup section */

/* Begin XCBuildConfiguration section */
		7BD54DB11E7A1596005466C7 /* Debug */ = {
			isa = XCBuildConfiguration;
			buildSettings = {
				ALWAYS_SEARCH_USER_PATHS = NO;
				CLANG_ANALYZER_NONNULL = YES;
				CLANG_CXX_LANGUAGE_STANDARD = "gnu++0x";
				CLANG_CXX_LIBRARY = "libc++";
				CLANG_ENABLE_MODULES = YES;
				CLANG_ENABLE_OBJC_ARC = YES;
				CLANG_WARN_BOOL_CONVERSION = YES;
				CLANG_WARN_CONSTANT_CONVERSION = YES;
				CLANG_WARN_DIRECT_OBJC_ISA_USAGE = YES_ERROR;
				CLANG_WARN_DOCUMENTATION_COMMENTS = YES;
				CLANG_WARN_EMPTY_BODY = YES;
				CLANG_WARN_ENUM_CONVERSION = YES;
				CLANG_WARN_INFINITE_RECURSION = YES;
				CLANG_WARN_INT_CONVERSION = YES;
				CLANG_WARN_OBJC_ROOT_CLASS = YES_ERROR;
				CLANG_WARN_SUSPICIOUS_MOVE = YES;
				CLANG_WARN_UNREACHABLE_CODE = YES;
				CLANG_WARN__DUPLICATE_METHOD_MATCH = YES;
				"CODE_SIGN_IDENTITY[sdk=iphoneos*]" = "iPhone Developer";
				COPY_PHASE_STRIP = NO;
				DEBUG_INFORMATION_FORMAT = dwarf;
				ENABLE_STRICT_OBJC_MSGSEND = YES;
				ENABLE_TESTABILITY = YES;
				GCC_C_LANGUAGE_STANDARD = gnu99;
				GCC_DYNAMIC_NO_PIC = NO;
				GCC_NO_COMMON_BLOCKS = YES;
				GCC_OPTIMIZATION_LEVEL = 0;
				GCC_PREPROCESSOR_DEFINITIONS = (
					"DEBUG=1",
					"$(inherited)",
				);
				GCC_WARN_64_TO_32_BIT_CONVERSION = YES;
				GCC_WARN_ABOUT_RETURN_TYPE = YES_ERROR;
				GCC_WARN_UNDECLARED_SELECTOR = YES;
				GCC_WARN_UNINITIALIZED_AUTOS = YES_AGGRESSIVE;
				GCC_WARN_UNUSED_FUNCTION = YES;
				GCC_WARN_UNUSED_VARIABLE = YES;
				IPHONEOS_DEPLOYMENT_TARGET = 10.2;
				MTL_ENABLE_DEBUG_INFO = YES;
				ONLY_ACTIVE_ARCH = YES;
				SDKROOT = iphoneos;
				SWIFT_ACTIVE_COMPILATION_CONDITIONS = DEBUG;
				SWIFT_OPTIMIZATION_LEVEL = "-Onone";
				TARGETED_DEVICE_FAMILY = 2;
			};
			name = Debug;
		};
		7BD54DB21E7A1596005466C7 /* Release */ = {
			isa = XCBuildConfiguration;
			buildSettings = {
				ALWAYS_SEARCH_USER_PATHS = NO;
				CLANG_ANALYZER_NONNULL = YES;
				CLANG_CXX_LANGUAGE_STANDARD = "gnu++0x";
				CLANG_CXX_LIBRARY = "libc++";
				CLANG_ENABLE_MODULES = YES;
				CLANG_ENABLE_OBJC_ARC = YES;
				CLANG_WARN_BOOL_CONVERSION = YES;
				CLANG_WARN_CONSTANT_CONVERSION = YES;
				CLANG_WARN_DIRECT_OBJC_ISA_USAGE = YES_ERROR;
				CLANG_WARN_DOCUMENTATION_COMMENTS = YES;
				CLANG_WARN_EMPTY_BODY = YES;
				CLANG_WARN_ENUM_CONVERSION = YES;
				CLANG_WARN_INFINITE_RECURSION = YES;
				CLANG_WARN_INT_CONVERSION = YES;
				CLANG_WARN_OBJC_ROOT_CLASS = YES_ERROR;
				CLANG_WARN_SUSPICIOUS_MOVE = YES;
				CLANG_WARN_UNREACHABLE_CODE = YES;
				CLANG_WARN__DUPLICATE_METHOD_MATCH = YES;
				"CODE_SIGN_IDENTITY[sdk=iphoneos*]" = "iPhone Developer";
				COPY_PHASE_STRIP = NO;
				DEBUG_INFORMATION_FORMAT = "dwarf-with-dsym";
				ENABLE_NS_ASSERTIONS = NO;
				ENABLE_STRICT_OBJC_MSGSEND = YES;
				GCC_C_LANGUAGE_STANDARD = gnu99;
				GCC_NO_COMMON_BLOCKS = YES;
				GCC_WARN_64_TO_32_BIT_CONVERSION = YES;
				GCC_WARN_ABOUT_RETURN_TYPE = YES_ERROR;
				GCC_WARN_UNDECLARED_SELECTOR = YES;
				GCC_WARN_UNINITIALIZED_AUTOS = YES_AGGRESSIVE;
				GCC_WARN_UNUSED_FUNCTION = YES;
				GCC_WARN_UNUSED_VARIABLE = YES;
				IPHONEOS_DEPLOYMENT_TARGET = 10.2;
				MTL_ENABLE_DEBUG_INFO = NO;
				SDKROOT = iphoneos;
				SWIFT_OPTIMIZATION_LEVEL = "-Owholemodule";
				TARGETED_DEVICE_FAMILY = 2;
				VALIDATE_PRODUCT = YES;
			};
			name = Release;
		};
		7BD54DB41E7A1596005466C7 /* Debug */ = {
			isa = XCBuildConfiguration;
			buildSettings = {
				ASSETCATALOG_COMPILER_APPICON_NAME = AppIcon;
				DEVELOPMENT_TEAM = 999T2QHS45;
				INFOPLIST_FILE = TheStore/Info.plist;
				LD_RUNPATH_SEARCH_PATHS = "$(inherited) @executable_path/Frameworks";
				PRODUCT_BUNDLE_IDENTIFIER = com.omnificCondition.TheStore;
				PRODUCT_NAME = "$(TARGET_NAME)";
				SWIFT_VERSION = 3.0;
			};
			name = Debug;
		};
		7BD54DB51E7A1596005466C7 /* Release */ = {
			isa = XCBuildConfiguration;
			buildSettings = {
				ASSETCATALOG_COMPILER_APPICON_NAME = AppIcon;
				DEVELOPMENT_TEAM = 999T2QHS45;
				INFOPLIST_FILE = TheStore/Info.plist;
				LD_RUNPATH_SEARCH_PATHS = "$(inherited) @executable_path/Frameworks";
				PRODUCT_BUNDLE_IDENTIFIER = com.omnificCondition.TheStore;
				PRODUCT_NAME = "$(TARGET_NAME)";
				SWIFT_VERSION = 3.0;
			};
			name = Release;
		};
/* End XCBuildConfiguration section */

/* Begin XCConfigurationList section */
		7BD54D9C1E7A1595005466C7 /* Build configuration list for PBXProject "TheStore" */ = {
			isa = XCConfigurationList;
			buildConfigurations = (
				7BD54DB11E7A1596005466C7 /* Debug */,
				7BD54DB21E7A1596005466C7 /* Release */,
			);
			defaultConfigurationIsVisible = 0;
			defaultConfigurationName = Release;
		};
		7BD54DB31E7A1596005466C7 /* Build configuration list for PBXNativeTarget "TheStore" */ = {
			isa = XCConfigurationList;
			buildConfigurations = (
				7BD54DB41E7A1596005466C7 /* Debug */,
				7BD54DB51E7A1596005466C7 /* Release */,
			);
			defaultConfigurationIsVisible = 0;
			defaultConfigurationName = Release;
		};
/* End XCConfigurationList section */

/* Begin XCVersionGroup section */
		7B0DD7351E7AEA0E006F05DF /* PirateBay.xcdatamodeld */ = {
			isa = XCVersionGroup;
			children = (
				7B0DD7361E7AEA0E006F05DF /* PirateBay.xcdatamodel */,
			);
			currentVersion = 7B0DD7361E7AEA0E006F05DF /* PirateBay.xcdatamodel */;
			path = PirateBay.xcdatamodeld;
			sourceTree = "<group>";
			versionGroupType = wrapper.xcdatamodel;
		};
/* End XCVersionGroup section */
	};
	rootObject = 7BD54D991E7A1595005466C7 /* Project object */;
}
